
Microsoft Visual Studio Solution File, Format Version 12.00
# Visual Studio Version 17
VisualStudioVersion = 17.14.36301.6 d17.14
MinimumVisualStudioVersion = 10.0.40219.1
Project("{FAE04EC0-301F-11D3-BF4B-00C04F79EFBC}") = "SistemaAdministracao", "SistemaAdministracao\SistemaAdministracao.csproj", "{BF78A67F-4089-41C7-A468-471A034412B5}"
EndProject
Global
	GlobalSection(SolutionConfigurationPlatforms) = preSolution
		Debug|Any CPU = Debug|Any CPU
		Release|Any CPU = Release|Any CPU
	EndGlobalSection
	GlobalSection(ProjectConfigurationPlatforms) = postSolution
		{BF78A67F-4089-41C7-A468-471A034412B5}.Debug|Any CPU.ActiveCfg = Debug|Any CPU
		{BF78A67F-4089-41C7-A468-471A034412B5}.Debug|Any CPU.Build.0 = Debug|Any CPU
		{BF78A67F-4089-41C7-A468-471A034412B5}.Release|Any CPU.ActiveCfg = Release|Any CPU
		{BF78A67F-4089-41C7-A468-471A034412B5}.Release|Any CPU.Build.0 = Release|Any CPU
	EndGlobalSection
	GlobalSection(SolutionProperties) = preSolution
		HideSolutionNode = FALSE
	EndGlobalSection
	GlobalSection(ExtensibilityGlobals) = postSolution
		SolutionGuid = {DE8BA42F-8C3C-4F5B-8B54-ABD7B3C67AE5}
	EndGlobalSection
EndGlobal
